# THIS IS AN AUTOGENERATED FILE. DO NOT EDIT THIS FILE DIRECTLY.
# yarn lockfile v1


"my-rn-base-utils@git+https://gitlab.com/react-native-my-libs/my-rn-base-utils.git":
  version "1.0.0"
  resolved "git+https://gitlab.com/react-native-my-libs/my-rn-base-utils.git#1e2ed1dcc34dad2ee4c4de350b4a108ef555311d"

"my-rn-common-resource@git+https://gitlab.com/react-native-my-libs/my-rn-common-resource.git":
  version "1.0.1"
  resolved "git+https://gitlab.com/react-native-my-libs/my-rn-common-resource.git#9dc697ed8c63b80ff61b9944e9c64a73fbd91cfa"
